
Microsoft Visual Studio Solution File, Format Version 12.00
# Visual Studio Version 17
VisualStudioVersion = 17.5.002.0
MinimumVisualStudioVersion = 10.0.40219.1
Project("{9A19103F-16F7-4668-BE54-9A1E7A4F7556}") = "YonetimSistemi", "YonetimSistemi.csproj", "{414AB3D4-CA43-448B-A852-7AB16DB09102}"
EndProject
Global
	GlobalSection(SolutionConfigurationPlatforms) = preSolution
		Debug|Any CPU = Debug|Any CPU
		Release|Any CPU = Release|Any CPU
	EndGlobalSection
	GlobalSection(ProjectConfigurationPlatforms) = postSolution
		{414AB3D4-CA43-448B-A852-7AB16DB09102}.Debug|Any CPU.ActiveCfg = Debug|Any CPU
		{414AB3D4-CA43-448B-A852-7AB16DB09102}.Debug|Any CPU.Build.0 = Debug|Any CPU
		{414AB3D4-CA43-448B-A852-7AB16DB09102}.Release|Any CPU.ActiveCfg = Release|Any CPU
		{414AB3D4-CA43-448B-A852-7AB16DB09102}.Release|Any CPU.Build.0 = Release|Any CPU
	EndGlobalSection
	GlobalSection(SolutionProperties) = preSolution
		HideSolutionNode = FALSE
	EndGlobalSection
	GlobalSection(ExtensibilityGlobals) = postSolution
		SolutionGuid = {29756CBA-0614-4977-A685-0C79E9F5BF22}
	EndGlobalSection
EndGlobal
